// !$*UTF8*$!
{
	archiveVersion = 1;
	classes = {
	};
	objectVersion = 50;
	objects = {

/* Begin PBXBuildFile section */
		0275B98227177CC1007CF51C /* AppDelegate.swift in Sources */ = {isa = PBXBuildFile; fileRef = 0275B98127177CC1007CF51C /* AppDelegate.swift */; };
		0275B98427177CC1007CF51C /* SceneDelegate.swift in Sources */ = {isa = PBXBuildFile; fileRef = 0275B98327177CC1007CF51C /* SceneDelegate.swift */; };
		0275B98627177CC1007CF51C /* ConversationsViewController.swift in Sources */ = {isa = PBXBuildFile; fileRef = 0275B98527177CC1007CF51C /* ConversationsViewController.swift */; };
		0275B98927177CC1007CF51C /* Main.storyboard in Resources */ = {isa = PBXBuildFile; fileRef = 0275B98727177CC1007CF51C /* Main.storyboard */; };
		0275B98B27177CC5007CF51C /* Assets.xcassets in Resources */ = {isa = PBXBuildFile; fileRef = 0275B98A27177CC5007CF51C /* Assets.xcassets */; };
		0275B98E27177CC5007CF51C /* LaunchScreen.storyboard in Resources */ = {isa = PBXBuildFile; fileRef = 0275B98C27177CC5007CF51C /* LaunchScreen.storyboard */; };
		0275B9A6271785C8007CF51C /* LoginViewController.swift in Sources */ = {isa = PBXBuildFile; fileRef = 0275B9A5271785C8007CF51C /* LoginViewController.swift */; };
		0275B9A9271785DA007CF51C /* RegisterViewController.swift in Sources */ = {isa = PBXBuildFile; fileRef = 0275B9A8271785DA007CF51C /* RegisterViewController.swift */; };
		0275B9AC271785F3007CF51C /* PhotoViewerViewController.swift in Sources */ = {isa = PBXBuildFile; fileRef = 0275B9AB271785F3007CF51C /* PhotoViewerViewController.swift */; };
		0275B9AF27178613007CF51C /* VideoPlayerViewController.swift in Sources */ = {isa = PBXBuildFile; fileRef = 0275B9AE27178613007CF51C /* VideoPlayerViewController.swift */; };
		0275B9B227178642007CF51C /* NewConversationViewController.swift in Sources */ = {isa = PBXBuildFile; fileRef = 0275B9B127178642007CF51C /* NewConversationViewController.swift */; };
		0275B9B52717865A007CF51C /* ProfileViewController.swift in Sources */ = {isa = PBXBuildFile; fileRef = 0275B9B42717865A007CF51C /* ProfileViewController.swift */; };
/* End PBXBuildFile section */

/* Begin PBXFileReference section */
		0275B97E27177CC1007CF51C /* Chatter.app */ = {isa = PBXFileReference; explicitFileType = wrapper.application; includeInIndex = 0; path = Chatter.app; sourceTree = BUILT_PRODUCTS_DIR; };
		0275B98127177CC1007CF51C /* AppDelegate.swift */ = {isa = PBXFileReference; lastKnownFileType = sourcecode.swift; path = AppDelegate.swift; sourceTree = "<group>"; };
		0275B98327177CC1007CF51C /* SceneDelegate.swift */ = {isa = PBXFileReference; lastKnownFileType = sourcecode.swift; path = SceneDelegate.swift; sourceTree = "<group>"; };
		0275B98527177CC1007CF51C /* ConversationsViewController.swift */ = {isa = PBXFileReference; lastKnownFileType = sourcecode.swift; path = ConversationsViewController.swift; sourceTree = "<group>"; };
		0275B98827177CC1007CF51C /* Base */ = {isa = PBXFileReference; lastKnownFileType = file.storyboard; name = Base; path = Base.lproj/Main.storyboard; sourceTree = "<group>"; };
		0275B98A27177CC5007CF51C /* Assets.xcassets */ = {isa = PBXFileReference; lastKnownFileType = folder.assetcatalog; path = Assets.xcassets; sourceTree = "<group>"; };
		0275B98D27177CC5007CF51C /* Base */ = {isa = PBXFileReference; lastKnownFileType = file.storyboard; name = Base; path = Base.lproj/LaunchScreen.storyboard; sourceTree = "<group>"; };
		0275B98F27177CC5007CF51C /* Info.plist */ = {isa = PBXFileReference; lastKnownFileType = text.plist.xml; path = Info.plist; sourceTree = "<group>"; };
		0275B9A5271785C8007CF51C /* LoginViewController.swift */ = {isa = PBXFileReference; lastKnownFileType = sourcecode.swift; path = LoginViewController.swift; sourceTree = "<group>"; };
		0275B9A8271785DA007CF51C /* RegisterViewController.swift */ = {isa = PBXFileReference; lastKnownFileType = sourcecode.swift; path = RegisterViewController.swift; sourceTree = "<group>"; };
		0275B9AB271785F3007CF51C /* PhotoViewerViewController.swift */ = {isa = PBXFileReference; lastKnownFileType = sourcecode.swift; path = PhotoViewerViewController.swift; sourceTree = "<group>"; };
		0275B9AE27178613007CF51C /* VideoPlayerViewController.swift */ = {isa = PBXFileReference; lastKnownFileType = sourcecode.swift; path = VideoPlayerViewController.swift; sourceTree = "<group>"; };
		0275B9B127178642007CF51C /* NewConversationViewController.swift */ = {isa = PBXFileReference; lastKnownFileType = sourcecode.swift; path = NewConversationViewController.swift; sourceTree = "<group>"; };
		0275B9B42717865A007CF51C /* ProfileViewController.swift */ = {isa = PBXFileReference; lastKnownFileType = sourcecode.swift; path = ProfileViewController.swift; sourceTree = "<group>"; };
/* End PBXFileReference section */

/* Begin PBXFrameworksBuildPhase section */
		0275B97B27177CC1007CF51C /* Frameworks */ = {
			isa = PBXFrameworksBuildPhase;
			buildActionMask = 2147483647;
			files = (
			);
			runOnlyForDeploymentPostprocessing = 0;
		};
/* End PBXFrameworksBuildPhase section */

/* Begin PBXGroup section */
		0275B97527177CC1007CF51C = {
			isa = PBXGroup;
			children = (
				0275B98027177CC1007CF51C /* Chatter */,
				0275B97F27177CC1007CF51C /* Products */,
			);
			sourceTree = "<group>";
		};
		0275B97F27177CC1007CF51C /* Products */ = {
			isa = PBXGroup;
			children = (
				0275B97E27177CC1007CF51C /* Chatter.app */,
			);
			name = Products;
			sourceTree = "<group>";
		};
		0275B98027177CC1007CF51C /* Chatter */ = {
			isa = PBXGroup;
			children = (
				0275B9A02717833F007CF51C /* ViewModels */,
				0275B9A127178353007CF51C /* Models */,
				0275B99E2717830D007CF51C /* Views */,
				0275B99B2717828B007CF51C /* Controllers */,
				0275B99D271782F0007CF51C /* Resources */,
				0275B98F27177CC5007CF51C /* Info.plist */,
			);
			path = Chatter;
			sourceTree = "<group>";
		};
		0275B99B2717828B007CF51C /* Controllers */ = {
			isa = PBXGroup;
			children = (
				0275B98527177CC1007CF51C /* ConversationsViewController.swift */,
				0275B9A5271785C8007CF51C /* LoginViewController.swift */,
				0275B9A8271785DA007CF51C /* RegisterViewController.swift */,
				0275B9AB271785F3007CF51C /* PhotoViewerViewController.swift */,
				0275B9AE27178613007CF51C /* VideoPlayerViewController.swift */,
				0275B9B127178642007CF51C /* NewConversationViewController.swift */,
				0275B9B42717865A007CF51C /* ProfileViewController.swift */,
			);
			path = Controllers;
			sourceTree = "<group>";
		};
		0275B99D271782F0007CF51C /* Resources */ = {
			isa = PBXGroup;
			children = (
				0275B98127177CC1007CF51C /* AppDelegate.swift */,
				0275B98327177CC1007CF51C /* SceneDelegate.swift */,
				0275B98A27177CC5007CF51C /* Assets.xcassets */,
			);
			path = Resources;
			sourceTree = "<group>";
		};
		0275B99E2717830D007CF51C /* Views */ = {
			isa = PBXGroup;
			children = (
				0275B99F27178323007CF51C /* Storyboards */,
			);
			path = Views;
			sourceTree = "<group>";
		};
		0275B99F27178323007CF51C /* Storyboards */ = {
			isa = PBXGroup;
			children = (
				0275B98727177CC1007CF51C /* Main.storyboard */,
				0275B98C27177CC5007CF51C /* LaunchScreen.storyboard */,
			);
			path = Storyboards;
			sourceTree = "<group>";
		};
		0275B9A02717833F007CF51C /* ViewModels */ = {
			isa = PBXGroup;
			children = (
			);
			path = ViewModels;
			sourceTree = "<group>";
		};
		0275B9A127178353007CF51C /* Models */ = {
			isa = PBXGroup;
			children = (
			);
			path = Models;
			sourceTree = "<group>";
		};
/* End PBXGroup section */

/* Begin PBXNativeTarget section */
		0275B97D27177CC1007CF51C /* Chatter */ = {
			isa = PBXNativeTarget;
			buildConfigurationList = 0275B99227177CC5007CF51C /* Build configuration list for PBXNativeTarget "Chatter" */;
			buildPhases = (
				0275B97A27177CC1007CF51C /* Sources */,
				0275B97B27177CC1007CF51C /* Frameworks */,
				0275B97C27177CC1007CF51C /* Resources */,
			);
			buildRules = (
			);
			dependencies = (
			);
			name = Chatter;
			productName = Chatter;
			productReference = 0275B97E27177CC1007CF51C /* Chatter.app */;
			productType = "com.apple.product-type.application";
		};
/* End PBXNativeTarget section */

/* Begin PBXProject section */
		0275B97627177CC1007CF51C /* Project object */ = {
			isa = PBXProject;
			attributes = {
				LastSwiftUpdateCheck = 1240;
				LastUpgradeCheck = 1240;
				TargetAttributes = {
					0275B97D27177CC1007CF51C = {
						CreatedOnToolsVersion = 12.4;
					};
				};
			};
			buildConfigurationList = 0275B97927177CC1007CF51C /* Build configuration list for PBXProject "Chatter" */;
			compatibilityVersion = "Xcode 9.3";
			developmentRegion = en;
			hasScannedForEncodings = 0;
			knownRegions = (
				en,
				Base,
			);
			mainGroup = 0275B97527177CC1007CF51C;
			productRefGroup = 0275B97F27177CC1007CF51C /* Products */;
			projectDirPath = "";
			projectRoot = "";
			targets = (
				0275B97D27177CC1007CF51C /* Chatter */,
			);
		};
/* End PBXProject section */

/* Begin PBXResourcesBuildPhase section */
		0275B97C27177CC1007CF51C /* Resources */ = {
			isa = PBXResourcesBuildPhase;
			buildActionMask = 2147483647;
			files = (
				0275B98E27177CC5007CF51C /* LaunchScreen.storyboard in Resources */,
				0275B98B27177CC5007CF51C /* Assets.xcassets in Resources */,
				0275B98927177CC1007CF51C /* Main.storyboard in Resources */,
			);
			runOnlyForDeploymentPostprocessing = 0;
		};
/* End PBXResourcesBuildPhase section */

/* Begin PBXSourcesBuildPhase section */
		0275B97A27177CC1007CF51C /* Sources */ = {
			isa = PBXSourcesBuildPhase;
			buildActionMask = 2147483647;
			files = (
				0275B9A6271785C8007CF51C /* LoginViewController.swift in Sources */,
				0275B9A9271785DA007CF51C /* RegisterViewController.swift in Sources */,
				0275B9B227178642007CF51C /* NewConversationViewController.swift in Sources */,
				0275B98627177CC1007CF51C /* ConversationsViewController.swift in Sources */,
				0275B9AF27178613007CF51C /* VideoPlayerViewController.swift in Sources */,
				0275B98227177CC1007CF51C /* AppDelegate.swift in Sources */,
				0275B9B52717865A007CF51C /* ProfileViewController.swift in Sources */,
				0275B98427177CC1007CF51C /* SceneDelegate.swift in Sources */,
				0275B9AC271785F3007CF51C /* PhotoViewerViewController.swift in Sources */,
			);
			runOnlyForDeploymentPostprocessing = 0;
		};
/* End PBXSourcesBuildPhase section */

/* Begin PBXVariantGroup section */
		0275B98727177CC1007CF51C /* Main.storyboard */ = {
			isa = PBXVariantGroup;
			children = (
				0275B98827177CC1007CF51C /* Base */,
			);
			name = Main.storyboard;
			sourceTree = "<group>";
		};
		0275B98C27177CC5007CF51C /* LaunchScreen.storyboard */ = {
			isa = PBXVariantGroup;
			children = (
				0275B98D27177CC5007CF51C /* Base */,
			);
			name = LaunchScreen.storyboard;
			sourceTree = "<group>";
		};
/* End PBXVariantGroup section */

/* Begin XCBuildConfiguration section */
		0275B99027177CC5007CF51C /* Debug */ = {
			isa = XCBuildConfiguration;
			buildSettings = {
				ALWAYS_SEARCH_USER_PATHS = NO;
				CLANG_ANALYZER_NONNULL = YES;
				CLANG_ANALYZER_NUMBER_OBJECT_CONVERSION = YES_AGGRESSIVE;
				CLANG_CXX_LANGUAGE_STANDARD = "gnu++14";
				CLANG_CXX_LIBRARY = "libc++";
				CLANG_ENABLE_MODULES = YES;
				CLANG_ENABLE_OBJC_ARC = YES;
				CLANG_ENABLE_OBJC_WEAK = YES;
				CLANG_WARN_BLOCK_CAPTURE_AUTORELEASING = YES;
				CLANG_WARN_BOOL_CONVERSION = YES;
				CLANG_WARN_COMMA = YES;
				CLANG_WARN_CONSTANT_CONVERSION = YES;
				CLANG_WARN_DEPRECATED_OBJC_IMPLEMENTATIONS = YES;
				CLANG_WARN_DIRECT_OBJC_ISA_USAGE = YES_ERROR;
				CLANG_WARN_DOCUMENTATION_COMMENTS = YES;
				CLANG_WARN_EMPTY_BODY = YES;
				CLANG_WARN_ENUM_CONVERSION = YES;
				CLANG_WARN_INFINITE_RECURSION = YES;
				CLANG_WARN_INT_CONVERSION = YES;
				CLANG_WARN_NON_LITERAL_NULL_CONVERSION = YES;
				CLANG_WARN_OBJC_IMPLICIT_RETAIN_SELF = YES;
				CLANG_WARN_OBJC_LITERAL_CONVERSION = YES;
				CLANG_WARN_OBJC_ROOT_CLASS = YES_ERROR;
				CLANG_WARN_QUOTED_INCLUDE_IN_FRAMEWORK_HEADER = YES;
				CLANG_WARN_RANGE_LOOP_ANALYSIS = YES;
				CLANG_WARN_STRICT_PROTOTYPES = YES;
				CLANG_WARN_SUSPICIOUS_MOVE = YES;
				CLANG_WARN_UNGUARDED_AVAILABILITY = YES_AGGRESSIVE;
				CLANG_WARN_UNREACHABLE_CODE = YES;
				CLANG_WARN__DUPLICATE_METHOD_MATCH = YES;
				COPY_PHASE_STRIP = NO;
				DEBUG_INFORMATION_FORMAT = dwarf;
				ENABLE_STRICT_OBJC_MSGSEND = YES;
				ENABLE_TESTABILITY = YES;
				GCC_C_LANGUAGE_STANDARD = gnu11;
				GCC_DYNAMIC_NO_PIC = NO;
				GCC_NO_COMMON_BLOCKS = YES;
				GCC_OPTIMIZATION_LEVEL = 0;
				GCC_PREPROCESSOR_DEFINITIONS = (
					"DEBUG=1",
					"$(inherited)",
				);
				GCC_WARN_64_TO_32_BIT_CONVERSION = YES;
				GCC_WARN_ABOUT_RETURN_TYPE = YES_ERROR;
				GCC_WARN_UNDECLARED_SELECTOR = YES;
				GCC_WARN_UNINITIALIZED_AUTOS = YES_AGGRESSIVE;
				GCC_WARN_UNUSED_FUNCTION = YES;
				GCC_WARN_UNUSED_VARIABLE = YES;
				IPHONEOS_DEPLOYMENT_TARGET = 14.4;
				MTL_ENABLE_DEBUG_INFO = INCLUDE_SOURCE;
				MTL_FAST_MATH = YES;
				ONLY_ACTIVE_ARCH = YES;
				SDKROOT = iphoneos;
				SWIFT_ACTIVE_COMPILATION_CONDITIONS = DEBUG;
				SWIFT_OPTIMIZATION_LEVEL = "-Onone";
			};
			name = Debug;
		};
		0275B99127177CC5007CF51C /* Release */ = {
			isa = XCBuildConfiguration;
			buildSettings = {
				ALWAYS_SEARCH_USER_PATHS = NO;
				CLANG_ANALYZER_NONNULL = YES;
				CLANG_ANALYZER_NUMBER_OBJECT_CONVERSION = YES_AGGRESSIVE;
				CLANG_CXX_LANGUAGE_STANDARD = "gnu++14";
				CLANG_CXX_LIBRARY = "libc++";
				CLANG_ENABLE_MODULES = YES;
				CLANG_ENABLE_OBJC_ARC = YES;
				CLANG_ENABLE_OBJC_WEAK = YES;
				CLANG_WARN_BLOCK_CAPTURE_AUTORELEASING = YES;
				CLANG_WARN_BOOL_CONVERSION = YES;
				CLANG_WARN_COMMA = YES;
				CLANG_WARN_CONSTANT_CONVERSION = YES;
				CLANG_WARN_DEPRECATED_OBJC_IMPLEMENTATIONS = YES;
				CLANG_WARN_DIRECT_OBJC_ISA_USAGE = YES_ERROR;
				CLANG_WARN_DOCUMENTATION_COMMENTS = YES;
				CLANG_WARN_EMPTY_BODY = YES;
				CLANG_WARN_ENUM_CONVERSION = YES;
				CLANG_WARN_INFINITE_RECURSION = YES;
				CLANG_WARN_INT_CONVERSION = YES;
				CLANG_WARN_NON_LITERAL_NULL_CONVERSION = YES;
				CLANG_WARN_OBJC_IMPLICIT_RETAIN_SELF = YES;
				CLANG_WARN_OBJC_LITERAL_CONVERSION = YES;
				CLANG_WARN_OBJC_ROOT_CLASS = YES_ERROR;
				CLANG_WARN_QUOTED_INCLUDE_IN_FRAMEWORK_HEADER = YES;
				CLANG_WARN_RANGE_LOOP_ANALYSIS = YES;
				CLANG_WARN_STRICT_PROTOTYPES = YES;
				CLANG_WARN_SUSPICIOUS_MOVE = YES;
				CLANG_WARN_UNGUARDED_AVAILABILITY = YES_AGGRESSIVE;
				CLANG_WARN_UNREACHABLE_CODE = YES;
				CLANG_WARN__DUPLICATE_METHOD_MATCH = YES;
				COPY_PHASE_STRIP = NO;
				DEBUG_INFORMATION_FORMAT = "dwarf-with-dsym";
				ENABLE_NS_ASSERTIONS = NO;
				ENABLE_STRICT_OBJC_MSGSEND = YES;
				GCC_C_LANGUAGE_STANDARD = gnu11;
				GCC_NO_COMMON_BLOCKS = YES;
				GCC_WARN_64_TO_32_BIT_CONVERSION = YES;
				GCC_WARN_ABOUT_RETURN_TYPE = YES_ERROR;
				GCC_WARN_UNDECLARED_SELECTOR = YES;
				GCC_WARN_UNINITIALIZED_AUTOS = YES_AGGRESSIVE;
				GCC_WARN_UNUSED_FUNCTION = YES;
				GCC_WARN_UNUSED_VARIABLE = YES;
				IPHONEOS_DEPLOYMENT_TARGET = 14.4;
				MTL_ENABLE_DEBUG_INFO = NO;
				MTL_FAST_MATH = YES;
				SDKROOT = iphoneos;
				SWIFT_COMPILATION_MODE = wholemodule;
				SWIFT_OPTIMIZATION_LEVEL = "-O";
				VALIDATE_PRODUCT = YES;
			};
			name = Release;
		};
		0275B99327177CC5007CF51C /* Debug */ = {
			isa = XCBuildConfiguration;
			buildSettings = {
				ASSETCATALOG_COMPILER_APPICON_NAME = AppIcon;
				ASSETCATALOG_COMPILER_GLOBAL_ACCENT_COLOR_NAME = AccentColor;
				CODE_SIGN_STYLE = Automatic;
				DEVELOPMENT_TEAM = 7MFLU28S62;
				INFOPLIST_FILE = Chatter/Info.plist;
				IPHONEOS_DEPLOYMENT_TARGET = 13.0;
				LD_RUNPATH_SEARCH_PATHS = (
					"$(inherited)",
					"@executable_path/Frameworks",
				);
				PRODUCT_BUNDLE_IDENTIFIER = Project.NezK.Chatter;
				PRODUCT_NAME = "$(TARGET_NAME)";
				SWIFT_VERSION = 5.0;
				TARGETED_DEVICE_FAMILY = "1,2";
			};
			name = Debug;
		};
		0275B99427177CC5007CF51C /* Release */ = {
			isa = XCBuildConfiguration;
			buildSettings = {
				ASSETCATALOG_COMPILER_APPICON_NAME = AppIcon;
				ASSETCATALOG_COMPILER_GLOBAL_ACCENT_COLOR_NAME = AccentColor;
				CODE_SIGN_STYLE = Automatic;
				DEVELOPMENT_TEAM = 7MFLU28S62;
				INFOPLIST_FILE = Chatter/Info.plist;
				IPHONEOS_DEPLOYMENT_TARGET = 13.0;
				LD_RUNPATH_SEARCH_PATHS = (
					"$(inherited)",
					"@executable_path/Frameworks",
				);
				PRODUCT_BUNDLE_IDENTIFIER = Project.NezK.Chatter;
				PRODUCT_NAME = "$(TARGET_NAME)";
				SWIFT_VERSION = 5.0;
				TARGETED_DEVICE_FAMILY = "1,2";
			};
			name = Release;
		};
/* End XCBuildConfiguration section */

/* Begin XCConfigurationList section */
		0275B97927177CC1007CF51C /* Build configuration list for PBXProject "Chatter" */ = {
			isa = XCConfigurationList;
			buildConfigurations = (
				0275B99027177CC5007CF51C /* Debug */,
				0275B99127177CC5007CF51C /* Release */,
			);
			defaultConfigurationIsVisible = 0;
			defaultConfigurationName = Release;
		};
		0275B99227177CC5007CF51C /* Build configuration list for PBXNativeTarget "Chatter" */ = {
			isa = XCConfigurationList;
			buildConfigurations = (
				0275B99327177CC5007CF51C /* Debug */,
				0275B99427177CC5007CF51C /* Release */,
			);
			defaultConfigurationIsVisible = 0;
			defaultConfigurationName = Release;
		};
/* End XCConfigurationList section */
	};
	rootObject = 0275B97627177CC1007CF51C /* Project object */;
}
